{
    "_readme": [
        "This file locks the dependencies of your project to a known state",
        "Read more about it at https://getcomposer.org/doc/01-basic-usage.md#installing-dependencies",
        "This file is @generated automatically"
    ],
    "content-hash": "fb6deab9c83655407043274e6ef075c7",
    "packages": [
        {
            "name": "activecampaign/api-php",
            "version": "v2.0.3",
            "source": {
                "type": "git",
                "url": "https://github.com/ActiveCampaign/activecampaign-api-php.git",
                "reference": "2bf5b72ba8668de8dcb27e194948028276e748c5"
            },
            "dist": {
                "type": "zip",
                "url": "https://api.github.com/repos/ActiveCampaign/activecampaign-api-php/zipball/2bf5b72ba8668de8dcb27e194948028276e748c5",
                "reference": "2bf5b72ba8668de8dcb27e194948028276e748c5",
                "shasum": ""
            },
            "require": {
                "ext-curl": "*",
                "php": ">=5.3.0"
            },
            "type": "library",
            "autoload": {
                "classmap": [
                    "includes/"
                ]
            },
            "notification-url": "https://packagist.org/downloads/",
            "license": [
                "MIT"
            ],
            "description": "Official PHP wrapper for the ActiveCampaign API.",
            "homepage": "https://github.com/ActiveCampaign/activecampaign-api-php",
            "keywords": [
                "Forms",
                "activecampaign",
                "automation",
                "email-marketing",
                "emails",
                "marketing-automation",
                "newsletter",
                "subscribe"
            ],
            "time": "2017-04-26T00:00:00+00:00"
        },
        {
            "name": "campaignmonitor/createsend-php",
            "version": "dev-master",
            "source": {
                "type": "git",
                "url": "https://github.com/campaignmonitor/createsend-php.git",
                "reference": "087754c614aef31cffebf5f55409c004122ef223"
            },
            "dist": {
                "type": "zip",
                "url": "https://api.github.com/repos/campaignmonitor/createsend-php/zipball/087754c614aef31cffebf5f55409c004122ef223",
                "reference": "087754c614aef31cffebf5f55409c004122ef223",
                "shasum": ""
            },
            "require": {
                "php": ">=5.3.0"
            },
            "require-dev": {
                "simpletest/simpletest": "~1.1.3"
            },
            "type": "library",
            "autoload": {
                "classmap": [
                    "csrest_administrators.php",
                    "csrest_campaigns.php",
                    "csrest_clients.php",
                    "csrest_general.php",
                    "csrest_events.php",
                    "csrest_lists.php",
                    "csrest_people.php",
                    "csrest_segments.php",
                    "csrest_subscribers.php",
                    "csrest_templates.php",
                    "csrest_transactional_classicemail.php",
                    "csrest_transactional_smartemail.php",
                    "csrest_transactional_timeline.php"
                ]
            },
            "notification-url": "https://packagist.org/downloads/",
            "license": [
                "MIT"
            ],
            "authors": [
                {
                    "name": "Toby Brain",
                    "email": "tobio85@gmail.com",
                    "role": "Developer"
                }
            ],
            "description": "A php library which implements the complete functionality of the Campaign Monitor API.",
            "homepage": "http://campaignmonitor.github.io/createsend-php/",
            "keywords": [
                "api",
                "campaign",
                "monitor"
            ],
            "time": "2018-10-26T03:12:12+00:00"
        },
        {
            "name": "drewm/mailchimp-api",
            "version": "v2.5",
            "source": {
                "type": "git",
                "url": "https://github.com/drewm/mailchimp-api.git",
                "reference": "f532fa26cd6e7d17c9ba40a757d8c6bfee47dace"
            },
            "dist": {
                "type": "zip",
                "url": "https://api.github.com/repos/drewm/mailchimp-api/zipball/f532fa26cd6e7d17c9ba40a757d8c6bfee47dace",
                "reference": "f532fa26cd6e7d17c9ba40a757d8c6bfee47dace",
                "shasum": ""
            },
            "require": {
                "ext-curl": "*",
                "php": ">=5.3"
            },
            "require-dev": {
                "phpunit/phpunit": "7.0.*",
                "vlucas/phpdotenv": "^2.0"
            },
            "type": "library",
            "autoload": {
                "psr-4": {
                    "DrewM\\MailChimp\\": "src"
                }
            },
            "notification-url": "https://packagist.org/downloads/",
            "license": [
                "MIT"
            ],
            "authors": [
                {
                    "name": "Drew McLellan",
                    "email": "drew.mclellan@gmail.com",
                    "homepage": "http://allinthehead.com/"
                }
            ],
            "description": "Super-simple, minimum abstraction MailChimp API v3 wrapper",
            "homepage": "https://github.com/drewm/mailchimp-api",
            "time": "2018-02-16T15:31:05+00:00"
        },
        {
            "name": "getresponse/getresponse",
            "version": "dev-master",
            "source": {
                "type": "git",
                "url": "https://github.com/GetResponse/getresponse-api-php.git",
                "reference": "e1137adbddaa96bba6af6c1b5e8aeb50e9036e0a"
            },
            "dist": {
                "type": "zip",
                "url": "https://api.github.com/repos/GetResponse/getresponse-api-php/zipball/e1137adbddaa96bba6af6c1b5e8aeb50e9036e0a",
                "reference": "e1137adbddaa96bba6af6c1b5e8aeb50e9036e0a",
                "shasum": ""
            },
            "require": {
                "ext-curl": "*",
                "php": ">=5.2.0"
            },
            "type": "library",
            "autoload": {
                "files": [
                    "src/GetResponseAPI3.class.php"
                ]
            },
            "notification-url": "https://packagist.org/downloads/",
            "license": [
                "MIT"
            ],
            "authors": [
                {
                    "name": "Pawel Maslak",
                    "email": "pawel.maslak@getresponse.com"
                },
                {
                    "name": "Grzegorz Struczynski",
                    "email": "grzegorz.struczynski@getresponse.com"
                }
            ],
            "description": "GetResponse API v3 client library.",
            "homepage": "https://github.com/GetResponse/getresponse-api-php",
            "keywords": [
                "api",
                "email",
                "getresponse"
            ],
            "time": "2018-03-02T08:40:50+00:00"
        },
        {
            "name": "guzzlehttp/guzzle",
            "version": "4.2.4",
            "source": {
                "type": "git",
                "url": "https://github.com/guzzle/guzzle.git",
                "reference": "13a8e5acff26b0a87d353042170b48976da004a1"
            },
            "dist": {
                "type": "zip",
                "url": "https://api.github.com/repos/guzzle/guzzle/zipball/13a8e5acff26b0a87d353042170b48976da004a1",
                "reference": "13a8e5acff26b0a87d353042170b48976da004a1",
                "shasum": ""
            },
            "require": {
                "ext-json": "*",
                "guzzlehttp/streams": "~2.1",
                "php": ">=5.4.0"
            },
            "require-dev": {
                "ext-curl": "*",
                "phpunit/phpunit": "~4.0",
                "psr/log": "~1.0"
            },
            "suggest": {
                "ext-curl": "Guzzle will use specific adapters if cURL is present"
            },
            "type": "library",
            "extra": {
                "branch-alias": {
                    "dev-master": "4.2-dev"
                }
            },
            "autoload": {
                "psr-4": {
                    "GuzzleHttp\\": "src/"
                },
                "files": [
                    "src/functions.php"
                ]
            },
            "notification-url": "https://packagist.org/downloads/",
            "license": [
                "MIT"
            ],
            "authors": [
                {
                    "name": "Michael Dowling",
                    "email": "mtdowling@gmail.com",
                    "homepage": "https://github.com/mtdowling"
                }
            ],
            "description": "Guzzle is a PHP HTTP client library and framework for building RESTful web service clients",
            "homepage": "http://guzzlephp.org/",
            "keywords": [
                "client",
                "curl",
                "framework",
                "http",
                "http client",
                "rest",
                "web service"
            ],
            "time": "2016-07-15T17:44:18+00:00"
        },
        {
            "name": "guzzlehttp/streams",
            "version": "2.1.0",
            "source": {
                "type": "git",
                "url": "https://github.com/guzzle/streams.git",
                "reference": "f91b721d73f0e561410903b3b3c90a5d0e40b534"
            },
            "dist": {
                "type": "zip",
                "url": "https://api.github.com/repos/guzzle/streams/zipball/f91b721d73f0e561410903b3b3c90a5d0e40b534",
                "reference": "f91b721d73f0e561410903b3b3c90a5d0e40b534",
                "shasum": ""
            },
            "require": {
                "php": ">=5.4.0"
            },
            "require-dev": {
                "phpunit/phpunit": "~4.0"
            },
            "type": "library",
            "extra": {
                "branch-alias": {
                    "dev-master": "2.0-dev"
                }
            },
            "autoload": {
                "psr-4": {
                    "GuzzleHttp\\Stream\\": "src/"
                },
                "files": [
                    "src/functions.php"
                ]
            },
            "notification-url": "https://packagist.org/downloads/",
            "license": [
                "MIT"
            ],
            "authors": [
                {
                    "name": "Michael Dowling",
                    "email": "mtdowling@gmail.com",
                    "homepage": "https://github.com/mtdowling"
                }
            ],
            "description": "Provides a simple abstraction over streams of data (Guzzle 4+)",
            "homepage": "http://guzzlephp.org/",
            "keywords": [
                "Guzzle",
                "stream"
            ],
            "time": "2014-08-17T21:15:53+00:00"
        },
        {
            "name": "sendinblue/api-v3-sdk",
            "version": "v5.0.1",
            "source": {
                "type": "git",
                "url": "https://github.com/sendinblue/APIv3-php-library.git",
                "reference": "69c262ccb9cb5069b95e1bc8ba1b8e56a792f020"
            },
            "dist": {
                "type": "zip",
                "url": "https://api.github.com/repos/sendinblue/APIv3-php-library/zipball/69c262ccb9cb5069b95e1bc8ba1b8e56a792f020",
                "reference": "69c262ccb9cb5069b95e1bc8ba1b8e56a792f020",
                "shasum": ""
            },
            "require": {
                "ext-curl": "*",
                "ext-json": "*",
                "ext-mbstring": "*",
                "php": ">=5.4"
            },
            "require-dev": {
                "friendsofphp/php-cs-fixer": "~1.12",
                "phpunit/phpunit": "~4.8",
                "satooshi/php-coveralls": "~1.0",
                "squizlabs/php_codesniffer": "~2.6"
            },
            "type": "library",
            "extra": {
                "branch-alias": {
                    "dev-master": "5.0.x-dev"
                }
            },
            "autoload": {
                "psr-4": {
                    "SendinBlue\\Client\\": "lib/"
                }
            },
            "notification-url": "https://packagist.org/downloads/",
            "license": [
                "MIT"
            ],
            "authors": [
                {
                    "name": "SendinBlue Developers",
                    "email": "contact@sendinblue.com",
                    "homepage": "https://www.sendinblue.com/"
                }
            ],
            "description": "Official SendinBlue provided RESTFul API V3 php library",
            "homepage": "https://github.com/sendinblue/APIv3-php-library",
            "keywords": [
                "api",
                "php",
                "sdk",
                "sendinblue",
                "swagger"
            ],
            "time": "2018-04-12T10:37:38+00:00"
        }
    ],
    "packages-dev": [],
    "aliases": [],
    "minimum-stability": "stable",
    "stability-flags": {
        "campaignmonitor/createsend-php": 20,
        "getresponse/getresponse": 20
    },
    "prefer-stable": false,
    "prefer-lowest": false,
    "platform": {
        "php": ">=5.4.0",
        "ext-curl": "*",
        "ext-json": "*"
    },
    "platform-dev": []
}
